// !$*UTF8*$!
{
	archiveVersion = 1;
	classes = {
	};
	objectVersion = 50;
	objects = {

/* Begin PBXBuildFile section */
		23B0BBE3B20FBE2F5F9976C7 /* Pods_LifeSaverTests.framework in Frameworks */ = {isa = PBXBuildFile; fileRef = 57C17B39326C11F703B8C10B /* Pods_LifeSaverTests.framework */; };
		A0CE065AA252A7BF2DF58E84 /* Pods_LifeSaverUITests.framework in Frameworks */ = {isa = PBXBuildFile; fileRef = 3D906F29D9DD607F8C89A8FE /* Pods_LifeSaverUITests.framework */; };
		BB0424EC2253EA01008F3401 /* CustomTextField.swift in Sources */ = {isa = PBXBuildFile; fileRef = BB0424EB2253EA01008F3401 /* CustomTextField.swift */; };
		BB0424EF2255DA96008F3401 /* SignupViewController.swift in Sources */ = {isa = PBXBuildFile; fileRef = BB0424EE2255DA96008F3401 /* SignupViewController.swift */; };
		BB34054022593BE0006ECAFA /* User.swift in Sources */ = {isa = PBXBuildFile; fileRef = BB34053F22593BE0006ECAFA /* User.swift */; };
		BB34054122593BE0006ECAFA /* User.swift in Sources */ = {isa = PBXBuildFile; fileRef = BB34053F22593BE0006ECAFA /* User.swift */; };
		BB34054222593BE0006ECAFA /* User.swift in Sources */ = {isa = PBXBuildFile; fileRef = BB34053F22593BE0006ECAFA /* User.swift */; };
		BB6D2C59225AE9E0008236B0 /* GoogleService-Info.plist in Resources */ = {isa = PBXBuildFile; fileRef = BB6D2C58225AE9DF008236B0 /* GoogleService-Info.plist */; };
		BB6D2C5A225AE9E0008236B0 /* GoogleService-Info.plist in Resources */ = {isa = PBXBuildFile; fileRef = BB6D2C58225AE9DF008236B0 /* GoogleService-Info.plist */; };
		BB6D2C5B225AE9E0008236B0 /* GoogleService-Info.plist in Resources */ = {isa = PBXBuildFile; fileRef = BB6D2C58225AE9DF008236B0 /* GoogleService-Info.plist */; };
		BBACD54D22528FA000FE8EBA /* AppDelegate.swift in Sources */ = {isa = PBXBuildFile; fileRef = BBACD54C22528FA000FE8EBA /* AppDelegate.swift */; };
		BBACD54F22528FA000FE8EBA /* LoginViewController.swift in Sources */ = {isa = PBXBuildFile; fileRef = BBACD54E22528FA000FE8EBA /* LoginViewController.swift */; };
		BBACD55222528FA000FE8EBA /* Main.storyboard in Resources */ = {isa = PBXBuildFile; fileRef = BBACD55022528FA000FE8EBA /* Main.storyboard */; };
		BBACD55422528FA400FE8EBA /* Assets.xcassets in Resources */ = {isa = PBXBuildFile; fileRef = BBACD55322528FA400FE8EBA /* Assets.xcassets */; };
		BBACD55722528FA400FE8EBA /* LaunchScreen.storyboard in Resources */ = {isa = PBXBuildFile; fileRef = BBACD55522528FA400FE8EBA /* LaunchScreen.storyboard */; };
		BBACD56222528FA400FE8EBA /* LifeSaverTests.swift in Sources */ = {isa = PBXBuildFile; fileRef = BBACD56122528FA400FE8EBA /* LifeSaverTests.swift */; };
		BBACD56D22528FA400FE8EBA /* LifeSaverUITests.swift in Sources */ = {isa = PBXBuildFile; fileRef = BBACD56C22528FA400FE8EBA /* LifeSaverUITests.swift */; };
		BBACD57C2252931D00FE8EBA /* UIRoundButton.swift in Sources */ = {isa = PBXBuildFile; fileRef = BBACD57B2252931D00FE8EBA /* UIRoundButton.swift */; };
		BBACD57E2252988A00FE8EBA /* BorderButton.swift in Sources */ = {isa = PBXBuildFile; fileRef = BBACD57D2252988A00FE8EBA /* BorderButton.swift */; };
		BBC69C4822561575004A8E49 /* GoogleService-Info.plist in Resources */ = {isa = PBXBuildFile; fileRef = BBC69C4722561575004A8E49 /* GoogleService-Info.plist */; };
		BBEC2F1F2259DAAA007FD37E /* ProfileViewController.swift in Sources */ = {isa = PBXBuildFile; fileRef = BBEC2F1E2259DAAA007FD37E /* ProfileViewController.swift */; };
		BBEC2F212259DAC3007FD37E /* ChatViewController.swift in Sources */ = {isa = PBXBuildFile; fileRef = BBEC2F202259DAC3007FD37E /* ChatViewController.swift */; };
		BBEC2F232259DAD4007FD37E /* NotificationViewController.swift in Sources */ = {isa = PBXBuildFile; fileRef = BBEC2F222259DAD4007FD37E /* NotificationViewController.swift */; };
		E183A11F8AAD7C32B5942591 /* Pods_LifeSaver.framework in Frameworks */ = {isa = PBXBuildFile; fileRef = 581F7C666830F85EE2155D2A /* Pods_LifeSaver.framework */; };
/* End PBXBuildFile section */

/* Begin PBXContainerItemProxy section */
		BBACD55E22528FA400FE8EBA /* PBXContainerItemProxy */ = {
			isa = PBXContainerItemProxy;
			containerPortal = BBACD54122528FA000FE8EBA /* Project object */;
			proxyType = 1;
			remoteGlobalIDString = BBACD54822528FA000FE8EBA;
			remoteInfo = LifeSaver;
		};
		BBACD56922528FA400FE8EBA /* PBXContainerItemProxy */ = {
			isa = PBXContainerItemProxy;
			containerPortal = BBACD54122528FA000FE8EBA /* Project object */;
			proxyType = 1;
			remoteGlobalIDString = BBACD54822528FA000FE8EBA;
			remoteInfo = LifeSaver;
		};
/* End PBXContainerItemProxy section */

/* Begin PBXFileReference section */
		119F54018CA4DD5BB4B9A754 /* Pods-LifeSaverTests.debug.xcconfig */ = {isa = PBXFileReference; includeInIndex = 1; lastKnownFileType = text.xcconfig; name = "Pods-LifeSaverTests.debug.xcconfig"; path = "Target Support Files/Pods-LifeSaverTests/Pods-LifeSaverTests.debug.xcconfig"; sourceTree = "<group>"; };
		3D906F29D9DD607F8C89A8FE /* Pods_LifeSaverUITests.framework */ = {isa = PBXFileReference; explicitFileType = wrapper.framework; includeInIndex = 0; path = Pods_LifeSaverUITests.framework; sourceTree = BUILT_PRODUCTS_DIR; };
		431B32E09199F71C35D9D246 /* Pods-LifeSaver.debug.xcconfig */ = {isa = PBXFileReference; includeInIndex = 1; lastKnownFileType = text.xcconfig; name = "Pods-LifeSaver.debug.xcconfig"; path = "Target Support Files/Pods-LifeSaver/Pods-LifeSaver.debug.xcconfig"; sourceTree = "<group>"; };
		57C17B39326C11F703B8C10B /* Pods_LifeSaverTests.framework */ = {isa = PBXFileReference; explicitFileType = wrapper.framework; includeInIndex = 0; path = Pods_LifeSaverTests.framework; sourceTree = BUILT_PRODUCTS_DIR; };
		581F7C666830F85EE2155D2A /* Pods_LifeSaver.framework */ = {isa = PBXFileReference; explicitFileType = wrapper.framework; includeInIndex = 0; path = Pods_LifeSaver.framework; sourceTree = BUILT_PRODUCTS_DIR; };
		6314A57B514F7B2408816A6C /* Pods-LifeSaver.release.xcconfig */ = {isa = PBXFileReference; includeInIndex = 1; lastKnownFileType = text.xcconfig; name = "Pods-LifeSaver.release.xcconfig"; path = "Target Support Files/Pods-LifeSaver/Pods-LifeSaver.release.xcconfig"; sourceTree = "<group>"; };
		6AF5F5FF7416D017170A43BE /* Pods-LifeSaverUITests.debug.xcconfig */ = {isa = PBXFileReference; includeInIndex = 1; lastKnownFileType = text.xcconfig; name = "Pods-LifeSaverUITests.debug.xcconfig"; path = "Target Support Files/Pods-LifeSaverUITests/Pods-LifeSaverUITests.debug.xcconfig"; sourceTree = "<group>"; };
		A5900BEA5D4E795542D17710 /* Pods-LifeSaverTests.release.xcconfig */ = {isa = PBXFileReference; includeInIndex = 1; lastKnownFileType = text.xcconfig; name = "Pods-LifeSaverTests.release.xcconfig"; path = "Target Support Files/Pods-LifeSaverTests/Pods-LifeSaverTests.release.xcconfig"; sourceTree = "<group>"; };
		BB0424EB2253EA01008F3401 /* CustomTextField.swift */ = {isa = PBXFileReference; lastKnownFileType = sourcecode.swift; path = CustomTextField.swift; sourceTree = "<group>"; };
		BB0424EE2255DA96008F3401 /* SignupViewController.swift */ = {isa = PBXFileReference; lastKnownFileType = sourcecode.swift; path = SignupViewController.swift; sourceTree = "<group>"; };
		BB04CF952255FF9A00C7A12A /* icon 3x.png */ = {isa = PBXFileReference; lastKnownFileType = image.png; name = "icon 3x.png"; path = "../../../../../../../Volumes/VMware Shared Folders/Shared Folder/Blood Bank Assets/icon 3x.png"; sourceTree = "<group>"; };
		BB34053F22593BE0006ECAFA /* User.swift */ = {isa = PBXFileReference; lastKnownFileType = sourcecode.swift; path = User.swift; sourceTree = "<group>"; };
		BB6D2C58225AE9DF008236B0 /* GoogleService-Info.plist */ = {isa = PBXFileReference; fileEncoding = 4; lastKnownFileType = text.plist.xml; path = "GoogleService-Info.plist"; sourceTree = "<group>"; };
		BBACD54922528FA000FE8EBA /* LifeSaver.app */ = {isa = PBXFileReference; explicitFileType = wrapper.application; includeInIndex = 0; path = LifeSaver.app; sourceTree = BUILT_PRODUCTS_DIR; };
		BBACD54C22528FA000FE8EBA /* AppDelegate.swift */ = {isa = PBXFileReference; lastKnownFileType = sourcecode.swift; path = AppDelegate.swift; sourceTree = "<group>"; };
		BBACD54E22528FA000FE8EBA /* LoginViewController.swift */ = {isa = PBXFileReference; lastKnownFileType = sourcecode.swift; path = LoginViewController.swift; sourceTree = "<group>"; };
		BBACD55122528FA000FE8EBA /* Base */ = {isa = PBXFileReference; lastKnownFileType = file.storyboard; name = Base; path = Base.lproj/Main.storyboard; sourceTree = "<group>"; };
		BBACD55322528FA400FE8EBA /* Assets.xcassets */ = {isa = PBXFileReference; lastKnownFileType = folder.assetcatalog; path = Assets.xcassets; sourceTree = "<group>"; };
		BBACD55622528FA400FE8EBA /* Base */ = {isa = PBXFileReference; lastKnownFileType = file.storyboard; name = Base; path = Base.lproj/LaunchScreen.storyboard; sourceTree = "<group>"; };
		BBACD55822528FA400FE8EBA /* Info.plist */ = {isa = PBXFileReference; lastKnownFileType = text.plist.xml; path = Info.plist; sourceTree = "<group>"; };
		BBACD55D22528FA400FE8EBA /* LifeSaverTests.xctest */ = {isa = PBXFileReference; explicitFileType = wrapper.cfbundle; includeInIndex = 0; path = LifeSaverTests.xctest; sourceTree = BUILT_PRODUCTS_DIR; };
		BBACD56122528FA400FE8EBA /* LifeSaverTests.swift */ = {isa = PBXFileReference; lastKnownFileType = sourcecode.swift; path = LifeSaverTests.swift; sourceTree = "<group>"; };
		BBACD56322528FA400FE8EBA /* Info.plist */ = {isa = PBXFileReference; lastKnownFileType = text.plist.xml; path = Info.plist; sourceTree = "<group>"; };
		BBACD56822528FA400FE8EBA /* LifeSaverUITests.xctest */ = {isa = PBXFileReference; explicitFileType = wrapper.cfbundle; includeInIndex = 0; path = LifeSaverUITests.xctest; sourceTree = BUILT_PRODUCTS_DIR; };
		BBACD56C22528FA400FE8EBA /* LifeSaverUITests.swift */ = {isa = PBXFileReference; lastKnownFileType = sourcecode.swift; path = LifeSaverUITests.swift; sourceTree = "<group>"; };
		BBACD56E22528FA400FE8EBA /* Info.plist */ = {isa = PBXFileReference; lastKnownFileType = text.plist.xml; path = Info.plist; sourceTree = "<group>"; };
		BBACD57B2252931D00FE8EBA /* UIRoundButton.swift */ = {isa = PBXFileReference; lastKnownFileType = sourcecode.swift; path = UIRoundButton.swift; sourceTree = "<group>"; };
		BBACD57D2252988A00FE8EBA /* BorderButton.swift */ = {isa = PBXFileReference; lastKnownFileType = sourcecode.swift; path = BorderButton.swift; sourceTree = "<group>"; };
		BBC69C4722561575004A8E49 /* GoogleService-Info.plist */ = {isa = PBXFileReference; fileEncoding = 4; lastKnownFileType = text.plist.xml; name = "GoogleService-Info.plist"; path = "../../../../Downloads/GoogleService-Info.plist"; sourceTree = "<group>"; };
		BBEC2F1E2259DAAA007FD37E /* ProfileViewController.swift */ = {isa = PBXFileReference; lastKnownFileType = sourcecode.swift; path = ProfileViewController.swift; sourceTree = "<group>"; };
		BBEC2F202259DAC3007FD37E /* ChatViewController.swift */ = {isa = PBXFileReference; lastKnownFileType = sourcecode.swift; path = ChatViewController.swift; sourceTree = "<group>"; };
		BBEC2F222259DAD4007FD37E /* NotificationViewController.swift */ = {isa = PBXFileReference; lastKnownFileType = sourcecode.swift; path = NotificationViewController.swift; sourceTree = "<group>"; };
		E03AEA210F444A627FEE7803 /* Pods-LifeSaverUITests.release.xcconfig */ = {isa = PBXFileReference; includeInIndex = 1; lastKnownFileType = text.xcconfig; name = "Pods-LifeSaverUITests.release.xcconfig"; path = "Target Support Files/Pods-LifeSaverUITests/Pods-LifeSaverUITests.release.xcconfig"; sourceTree = "<group>"; };
/* End PBXFileReference section */

/* Begin PBXFrameworksBuildPhase section */
		BBACD54622528FA000FE8EBA /* Frameworks */ = {
			isa = PBXFrameworksBuildPhase;
			buildActionMask = 2147483647;
			files = (
				E183A11F8AAD7C32B5942591 /* Pods_LifeSaver.framework in Frameworks */,
			);
			runOnlyForDeploymentPostprocessing = 0;
		};
		BBACD55A22528FA400FE8EBA /* Frameworks */ = {
			isa = PBXFrameworksBuildPhase;
			buildActionMask = 2147483647;
			files = (
				23B0BBE3B20FBE2F5F9976C7 /* Pods_LifeSaverTests.framework in Frameworks */,
			);
			runOnlyForDeploymentPostprocessing = 0;
		};
		BBACD56522528FA400FE8EBA /* Frameworks */ = {
			isa = PBXFrameworksBuildPhase;
			buildActionMask = 2147483647;
			files = (
				A0CE065AA252A7BF2DF58E84 /* Pods_LifeSaverUITests.framework in Frameworks */,
			);
			runOnlyForDeploymentPostprocessing = 0;
		};
/* End PBXFrameworksBuildPhase section */

/* Begin PBXGroup section */
		A8D2DCC8884D03F4D17D77EA /* Frameworks */ = {
			isa = PBXGroup;
			children = (
				581F7C666830F85EE2155D2A /* Pods_LifeSaver.framework */,
				57C17B39326C11F703B8C10B /* Pods_LifeSaverTests.framework */,
				3D906F29D9DD607F8C89A8FE /* Pods_LifeSaverUITests.framework */,
			);
			name = Frameworks;
			sourceTree = "<group>";
		};
		BB0424ED2255D9DE008F3401 /* Controller */ = {
			isa = PBXGroup;
			children = (
				BBACD54E22528FA000FE8EBA /* LoginViewController.swift */,
				BB0424EE2255DA96008F3401 /* SignupViewController.swift */,
				BBEC2F1E2259DAAA007FD37E /* ProfileViewController.swift */,
				BBEC2F202259DAC3007FD37E /* ChatViewController.swift */,
				BBEC2F222259DAD4007FD37E /* NotificationViewController.swift */,
			);
			path = Controller;
			sourceTree = "<group>";
		};
		BB34053A22593B8F006ECAFA /* Model */ = {
			isa = PBXGroup;
			children = (
				BB34053F22593BE0006ECAFA /* User.swift */,
			);
			path = Model;
			sourceTree = "<group>";
		};
		BBACD54022528FA000FE8EBA = {
			isa = PBXGroup;
			children = (
				BBACD54B22528FA000FE8EBA /* LifeSaver */,
				BBACD56022528FA400FE8EBA /* LifeSaverTests */,
				BBACD56B22528FA400FE8EBA /* LifeSaverUITests */,
				BBACD54A22528FA000FE8EBA /* Products */,
				DDF30327686BF07BCD210C0F /* Pods */,
				A8D2DCC8884D03F4D17D77EA /* Frameworks */,
			);
			sourceTree = "<group>";
		};
		BBACD54A22528FA000FE8EBA /* Products */ = {
			isa = PBXGroup;
			children = (
				BBACD54922528FA000FE8EBA /* LifeSaver.app */,
				BBACD55D22528FA400FE8EBA /* LifeSaverTests.xctest */,
				BBACD56822528FA400FE8EBA /* LifeSaverUITests.xctest */,
			);
			name = Products;
			sourceTree = "<group>";
		};
		BBACD54B22528FA000FE8EBA /* LifeSaver */ = {
			isa = PBXGroup;
			children = (
				BB34053A22593B8F006ECAFA /* Model */,
				BB0424ED2255D9DE008F3401 /* Controller */,
				BBACD57A225292DD00FE8EBA /* View */,
				BBACD54C22528FA000FE8EBA /* AppDelegate.swift */,
				BBACD55022528FA000FE8EBA /* Main.storyboard */,
				BBACD55322528FA400FE8EBA /* Assets.xcassets */,
				BBACD55522528FA400FE8EBA /* LaunchScreen.storyboard */,
				BBACD55822528FA400FE8EBA /* Info.plist */,
				BB6D2C58225AE9DF008236B0 /* GoogleService-Info.plist */,
			);
			path = LifeSaver;
			sourceTree = "<group>";
		};
		BBACD56022528FA400FE8EBA /* LifeSaverTests */ = {
			isa = PBXGroup;
			children = (
				BBACD56122528FA400FE8EBA /* LifeSaverTests.swift */,
				BBACD56322528FA400FE8EBA /* Info.plist */,
				BBC69C4722561575004A8E49 /* GoogleService-Info.plist */,
			);
			path = LifeSaverTests;
			sourceTree = "<group>";
		};
		BBACD56B22528FA400FE8EBA /* LifeSaverUITests */ = {
			isa = PBXGroup;
			children = (
				BBACD56C22528FA400FE8EBA /* LifeSaverUITests.swift */,
				BBACD56E22528FA400FE8EBA /* Info.plist */,
			);
			path = LifeSaverUITests;
			sourceTree = "<group>";
		};
		BBACD57A225292DD00FE8EBA /* View */ = {
			isa = PBXGroup;
			children = (
				BB04CF952255FF9A00C7A12A /* icon 3x.png */,
				BBACD57B2252931D00FE8EBA /* UIRoundButton.swift */,
				BBACD57D2252988A00FE8EBA /* BorderButton.swift */,
				BB0424EB2253EA01008F3401 /* CustomTextField.swift */,
			);
			path = View;
			sourceTree = "<group>";
		};
		DDF30327686BF07BCD210C0F /* Pods */ = {
			isa = PBXGroup;
			children = (
				431B32E09199F71C35D9D246 /* Pods-LifeSaver.debug.xcconfig */,
				6314A57B514F7B2408816A6C /* Pods-LifeSaver.release.xcconfig */,
				119F54018CA4DD5BB4B9A754 /* Pods-LifeSaverTests.debug.xcconfig */,
				A5900BEA5D4E795542D17710 /* Pods-LifeSaverTests.release.xcconfig */,
				6AF5F5FF7416D017170A43BE /* Pods-LifeSaverUITests.debug.xcconfig */,
				E03AEA210F444A627FEE7803 /* Pods-LifeSaverUITests.release.xcconfig */,
			);
			path = Pods;
			sourceTree = "<group>";
		};
/* End PBXGroup section */

/* Begin PBXNativeTarget section */
		BBACD54822528FA000FE8EBA /* LifeSaver */ = {
			isa = PBXNativeTarget;
			buildConfigurationList = BBACD57122528FA400FE8EBA /* Build configuration list for PBXNativeTarget "LifeSaver" */;
			buildPhases = (
				95C25816CD74CE401C211875 /* [CP] Check Pods Manifest.lock */,
				BBACD54522528FA000FE8EBA /* Sources */,
				BBACD54622528FA000FE8EBA /* Frameworks */,
				BBACD54722528FA000FE8EBA /* Resources */,
				64FFEF1CEE5C7060D80E1C86 /* [CP] Embed Pods Frameworks */,
				333F6BCF3AD8FB7B546D6199 /* [CP] Copy Pods Resources */,
			);
			buildRules = (
			);
			dependencies = (
			);
			name = LifeSaver;
			productName = LifeSaver;
			productReference = BBACD54922528FA000FE8EBA /* LifeSaver.app */;
			productType = "com.apple.product-type.application";
		};
		BBACD55C22528FA400FE8EBA /* LifeSaverTests */ = {
			isa = PBXNativeTarget;
			buildConfigurationList = BBACD57422528FA400FE8EBA /* Build configuration list for PBXNativeTarget "LifeSaverTests" */;
			buildPhases = (
				F2E867F49CACAFA7D0422AAF /* [CP] Check Pods Manifest.lock */,
				BBACD55922528FA400FE8EBA /* Sources */,
				BBACD55A22528FA400FE8EBA /* Frameworks */,
				BBACD55B22528FA400FE8EBA /* Resources */,
			);
			buildRules = (
			);
			dependencies = (
				BBACD55F22528FA400FE8EBA /* PBXTargetDependency */,
			);
			name = LifeSaverTests;
			productName = LifeSaverTests;
			productReference = BBACD55D22528FA400FE8EBA /* LifeSaverTests.xctest */;
			productType = "com.apple.product-type.bundle.unit-test";
		};
		BBACD56722528FA400FE8EBA /* LifeSaverUITests */ = {
			isa = PBXNativeTarget;
			buildConfigurationList = BBACD57722528FA400FE8EBA /* Build configuration list for PBXNativeTarget "LifeSaverUITests" */;
			buildPhases = (
				749906359068938CFE375486 /* [CP] Check Pods Manifest.lock */,
				BBACD56422528FA400FE8EBA /* Sources */,
				BBACD56522528FA400FE8EBA /* Frameworks */,
				BBACD56622528FA400FE8EBA /* Resources */,
			);
			buildRules = (
			);
			dependencies = (
				BBACD56A22528FA400FE8EBA /* PBXTargetDependency */,
			);
			name = LifeSaverUITests;
			productName = LifeSaverUITests;
			productReference = BBACD56822528FA400FE8EBA /* LifeSaverUITests.xctest */;
			productType = "com.apple.product-type.bundle.ui-testing";
		};
/* End PBXNativeTarget section */

/* Begin PBXProject section */
		BBACD54122528FA000FE8EBA /* Project object */ = {
			isa = PBXProject;
			attributes = {
				LastSwiftUpdateCheck = 1020;
				LastUpgradeCheck = 1020;
				ORGANIZATIONNAME = "Hamza ";
				TargetAttributes = {
					BBACD54822528FA000FE8EBA = {
						CreatedOnToolsVersion = 10.2;
					};
					BBACD55C22528FA400FE8EBA = {
						CreatedOnToolsVersion = 10.2;
						TestTargetID = BBACD54822528FA000FE8EBA;
					};
					BBACD56722528FA400FE8EBA = {
						CreatedOnToolsVersion = 10.2;
						TestTargetID = BBACD54822528FA000FE8EBA;
					};
				};
			};
			buildConfigurationList = BBACD54422528FA000FE8EBA /* Build configuration list for PBXProject "LifeSaver" */;
			compatibilityVersion = "Xcode 9.3";
			developmentRegion = en;
			hasScannedForEncodings = 0;
			knownRegions = (
				en,
				Base,
			);
			mainGroup = BBACD54022528FA000FE8EBA;
			productRefGroup = BBACD54A22528FA000FE8EBA /* Products */;
			projectDirPath = "";
			projectRoot = "";
			targets = (
				BBACD54822528FA000FE8EBA /* LifeSaver */,
				BBACD55C22528FA400FE8EBA /* LifeSaverTests */,
				BBACD56722528FA400FE8EBA /* LifeSaverUITests */,
			);
		};
/* End PBXProject section */

/* Begin PBXResourcesBuildPhase section */
		BBACD54722528FA000FE8EBA /* Resources */ = {
			isa = PBXResourcesBuildPhase;
			buildActionMask = 2147483647;
			files = (
				BBACD55722528FA400FE8EBA /* LaunchScreen.storyboard in Resources */,
				BBACD55422528FA400FE8EBA /* Assets.xcassets in Resources */,
				BBACD55222528FA000FE8EBA /* Main.storyboard in Resources */,
				BB6D2C59225AE9E0008236B0 /* GoogleService-Info.plist in Resources */,
			);
			runOnlyForDeploymentPostprocessing = 0;
		};
		BBACD55B22528FA400FE8EBA /* Resources */ = {
			isa = PBXResourcesBuildPhase;
			buildActionMask = 2147483647;
			files = (
				BBC69C4822561575004A8E49 /* GoogleService-Info.plist in Resources */,
				BB6D2C5A225AE9E0008236B0 /* GoogleService-Info.plist in Resources */,
			);
			runOnlyForDeploymentPostprocessing = 0;
		};
		BBACD56622528FA400FE8EBA /* Resources */ = {
			isa = PBXResourcesBuildPhase;
			buildActionMask = 2147483647;
			files = (
				BB6D2C5B225AE9E0008236B0 /* GoogleService-Info.plist in Resources */,
			);
			runOnlyForDeploymentPostprocessing = 0;
		};
/* End PBXResourcesBuildPhase section */

/* Begin PBXShellScriptBuildPhase section */
		333F6BCF3AD8FB7B546D6199 /* [CP] Copy Pods Resources */ = {
			isa = PBXShellScriptBuildPhase;
			buildActionMask = 2147483647;
			files = (
			);
			inputFileListPaths = (
			);
			inputPaths = (
				"${PODS_ROOT}/Target Support Files/Pods-LifeSaver/Pods-LifeSaver-resources.sh",
				"${PODS_CONFIGURATION_BUILD_DIR}/FirebaseUI/FirebaseAuthUI.bundle",
			);
			name = "[CP] Copy Pods Resources";
			outputFileListPaths = (
			);
			outputPaths = (
				"${TARGET_BUILD_DIR}/${UNLOCALIZED_RESOURCES_FOLDER_PATH}/FirebaseAuthUI.bundle",
			);
			runOnlyForDeploymentPostprocessing = 0;
			shellPath = /bin/sh;
			shellScript = "\"${PODS_ROOT}/Target Support Files/Pods-LifeSaver/Pods-LifeSaver-resources.sh\"\n";
			showEnvVarsInLog = 0;
		};
		64FFEF1CEE5C7060D80E1C86 /* [CP] Embed Pods Frameworks */ = {
			isa = PBXShellScriptBuildPhase;
			buildActionMask = 2147483647;
			files = (
			);
			inputFileListPaths = (
			);
			inputPaths = (
				"${PODS_ROOT}/Target Support Files/Pods-LifeSaver/Pods-LifeSaver-frameworks.sh",
				"${BUILT_PRODUCTS_DIR}/BoringSSL-GRPC/openssl_grpc.framework",
				"${BUILT_PRODUCTS_DIR}/GTMSessionFetcher/GTMSessionFetcher.framework",
				"${BUILT_PRODUCTS_DIR}/GoogleUtilities/GoogleUtilities.framework",
				"${BUILT_PRODUCTS_DIR}/Protobuf/Protobuf.framework",
				"${BUILT_PRODUCTS_DIR}/gRPC-C++/grpcpp.framework",
				"${BUILT_PRODUCTS_DIR}/gRPC-Core/grpc.framework",
				"${BUILT_PRODUCTS_DIR}/leveldb-library/leveldb.framework",
				"${BUILT_PRODUCTS_DIR}/nanopb/nanopb.framework",
			);
			name = "[CP] Embed Pods Frameworks";
			outputFileListPaths = (
			);
			outputPaths = (
				"${TARGET_BUILD_DIR}/${FRAMEWORKS_FOLDER_PATH}/openssl_grpc.framework",
				"${TARGET_BUILD_DIR}/${FRAMEWORKS_FOLDER_PATH}/GTMSessionFetcher.framework",
				"${TARGET_BUILD_DIR}/${FRAMEWORKS_FOLDER_PATH}/GoogleUtilities.framework",
				"${TARGET_BUILD_DIR}/${FRAMEWORKS_FOLDER_PATH}/Protobuf.framework",
				"${TARGET_BUILD_DIR}/${FRAMEWORKS_FOLDER_PATH}/grpcpp.framework",
				"${TARGET_BUILD_DIR}/${FRAMEWORKS_FOLDER_PATH}/grpc.framework",
				"${TARGET_BUILD_DIR}/${FRAMEWORKS_FOLDER_PATH}/leveldb.framework",
				"${TARGET_BUILD_DIR}/${FRAMEWORKS_FOLDER_PATH}/nanopb.framework",
			);
			runOnlyForDeploymentPostprocessing = 0;
			shellPath = /bin/sh;
			shellScript = "\"${PODS_ROOT}/Target Support Files/Pods-LifeSaver/Pods-LifeSaver-frameworks.sh\"\n";
			showEnvVarsInLog = 0;
		};
		749906359068938CFE375486 /* [CP] Check Pods Manifest.lock */ = {
			isa = PBXShellScriptBuildPhase;
			buildActionMask = 2147483647;
			files = (
			);
			inputFileListPaths = (
			);
			inputPaths = (
				"${PODS_PODFILE_DIR_PATH}/Podfile.lock",
				"${PODS_ROOT}/Manifest.lock",
			);
			name = "[CP] Check Pods Manifest.lock";
			outputFileListPaths = (
			);
			outputPaths = (
				"$(DERIVED_FILE_DIR)/Pods-LifeSaverUITests-checkManifestLockResult.txt",
			);
			runOnlyForDeploymentPostprocessing = 0;
			shellPath = /bin/sh;
			shellScript = "diff \"${PODS_PODFILE_DIR_PATH}/Podfile.lock\" \"${PODS_ROOT}/Manifest.lock\" > /dev/null\nif [ $? != 0 ] ; then\n    # print error to STDERR\n    echo \"error: The sandbox is not in sync with the Podfile.lock. Run 'pod install' or update your CocoaPods installation.\" >&2\n    exit 1\nfi\n# This output is used by Xcode 'outputs' to avoid re-running this script phase.\necho \"SUCCESS\" > \"${SCRIPT_OUTPUT_FILE_0}\"\n";
			showEnvVarsInLog = 0;
		};
		95C25816CD74CE401C211875 /* [CP] Check Pods Manifest.lock */ = {
			isa = PBXShellScriptBuildPhase;
			buildActionMask = 2147483647;
			files = (
			);
			inputFileListPaths = (
			);
			inputPaths = (
				"${PODS_PODFILE_DIR_PATH}/Podfile.lock",
				"${PODS_ROOT}/Manifest.lock",
			);
			name = "[CP] Check Pods Manifest.lock";
			outputFileListPaths = (
			);
			outputPaths = (
				"$(DERIVED_FILE_DIR)/Pods-LifeSaver-checkManifestLockResult.txt",
			);
			runOnlyForDeploymentPostprocessing = 0;
			shellPath = /bin/sh;
			shellScript = "diff \"${PODS_PODFILE_DIR_PATH}/Podfile.lock\" \"${PODS_ROOT}/Manifest.lock\" > /dev/null\nif [ $? != 0 ] ; then\n    # print error to STDERR\n    echo \"error: The sandbox is not in sync with the Podfile.lock. Run 'pod install' or update your CocoaPods installation.\" >&2\n    exit 1\nfi\n# This output is used by Xcode 'outputs' to avoid re-running this script phase.\necho \"SUCCESS\" > \"${SCRIPT_OUTPUT_FILE_0}\"\n";
			showEnvVarsInLog = 0;
		};
		F2E867F49CACAFA7D0422AAF /* [CP] Check Pods Manifest.lock */ = {
			isa = PBXShellScriptBuildPhase;
			buildActionMask = 2147483647;
			files = (
			);
			inputFileListPaths = (
			);
			inputPaths = (
				"${PODS_PODFILE_DIR_PATH}/Podfile.lock",
				"${PODS_ROOT}/Manifest.lock",
			);
			name = "[CP] Check Pods Manifest.lock";
			outputFileListPaths = (
			);
			outputPaths = (
				"$(DERIVED_FILE_DIR)/Pods-LifeSaverTests-checkManifestLockResult.txt",
			);
			runOnlyForDeploymentPostprocessing = 0;
			shellPath = /bin/sh;
			shellScript = "diff \"${PODS_PODFILE_DIR_PATH}/Podfile.lock\" \"${PODS_ROOT}/Manifest.lock\" > /dev/null\nif [ $? != 0 ] ; then\n    # print error to STDERR\n    echo \"error: The sandbox is not in sync with the Podfile.lock. Run 'pod install' or update your CocoaPods installation.\" >&2\n    exit 1\nfi\n# This output is used by Xcode 'outputs' to avoid re-running this script phase.\necho \"SUCCESS\" > \"${SCRIPT_OUTPUT_FILE_0}\"\n";
			showEnvVarsInLog = 0;
		};
/* End PBXShellScriptBuildPhase section */

/* Begin PBXSourcesBuildPhase section */
		BBACD54522528FA000FE8EBA /* Sources */ = {
			isa = PBXSourcesBuildPhase;
			buildActionMask = 2147483647;
			files = (
				BBEC2F232259DAD4007FD37E /* NotificationViewController.swift in Sources */,
				BBACD54F22528FA000FE8EBA /* LoginViewController.swift in Sources */,
				BBACD54D22528FA000FE8EBA /* AppDelegate.swift in Sources */,
				BBACD57C2252931D00FE8EBA /* UIRoundButton.swift in Sources */,
				BB0424EF2255DA96008F3401 /* SignupViewController.swift in Sources */,
				BBACD57E2252988A00FE8EBA /* BorderButton.swift in Sources */,
				BB0424EC2253EA01008F3401 /* CustomTextField.swift in Sources */,
				BBEC2F1F2259DAAA007FD37E /* ProfileViewController.swift in Sources */,
				BBEC2F212259DAC3007FD37E /* ChatViewController.swift in Sources */,
				BB34054022593BE0006ECAFA /* User.swift in Sources */,
			);
			runOnlyForDeploymentPostprocessing = 0;
		};
		BBACD55922528FA400FE8EBA /* Sources */ = {
			isa = PBXSourcesBuildPhase;
			buildActionMask = 2147483647;
			files = (
				BB34054122593BE0006ECAFA /* User.swift in Sources */,
				BBACD56222528FA400FE8EBA /* LifeSaverTests.swift in Sources */,
			);
			runOnlyForDeploymentPostprocessing = 0;
		};
		BBACD56422528FA400FE8EBA /* Sources */ = {
			isa = PBXSourcesBuildPhase;
			buildActionMask = 2147483647;
			files = (
				BB34054222593BE0006ECAFA /* User.swift in Sources */,
				BBACD56D22528FA400FE8EBA /* LifeSaverUITests.swift in Sources */,
			);
			runOnlyForDeploymentPostprocessing = 0;
		};
/* End PBXSourcesBuildPhase section */

/* Begin PBXTargetDependency section */
		BBACD55F22528FA400FE8EBA /* PBXTargetDependency */ = {
			isa = PBXTargetDependency;
			target = BBACD54822528FA000FE8EBA /* LifeSaver */;
			targetProxy = BBACD55E22528FA400FE8EBA /* PBXContainerItemProxy */;
		};
		BBACD56A22528FA400FE8EBA /* PBXTargetDependency */ = {
			isa = PBXTargetDependency;
			target = BBACD54822528FA000FE8EBA /* LifeSaver */;
			targetProxy = BBACD56922528FA400FE8EBA /* PBXContainerItemProxy */;
		};
/* End PBXTargetDependency section */

/* Begin PBXVariantGroup section */
		BBACD55022528FA000FE8EBA /* Main.storyboard */ = {
			isa = PBXVariantGroup;
			children = (
				BBACD55122528FA000FE8EBA /* Base */,
			);
			name = Main.storyboard;
			sourceTree = "<group>";
		};
		BBACD55522528FA400FE8EBA /* LaunchScreen.storyboard */ = {
			isa = PBXVariantGroup;
			children = (
				BBACD55622528FA400FE8EBA /* Base */,
			);
			name = LaunchScreen.storyboard;
			sourceTree = "<group>";
		};
/* End PBXVariantGroup section */

/* Begin XCBuildConfiguration section */
		BBACD56F22528FA400FE8EBA /* Debug */ = {
			isa = XCBuildConfiguration;
			buildSettings = {
				ALWAYS_SEARCH_USER_PATHS = NO;
				CLANG_ANALYZER_NONNULL = YES;
				CLANG_ANALYZER_NUMBER_OBJECT_CONVERSION = YES_AGGRESSIVE;
				CLANG_CXX_LANGUAGE_STANDARD = "gnu++14";
				CLANG_CXX_LIBRARY = "libc++";
				CLANG_ENABLE_MODULES = YES;
				CLANG_ENABLE_OBJC_ARC = YES;
				CLANG_ENABLE_OBJC_WEAK = YES;
				CLANG_WARN_BLOCK_CAPTURE_AUTORELEASING = YES;
				CLANG_WARN_BOOL_CONVERSION = YES;
				CLANG_WARN_COMMA = YES;
				CLANG_WARN_CONSTANT_CONVERSION = YES;
				CLANG_WARN_DEPRECATED_OBJC_IMPLEMENTATIONS = YES;
				CLANG_WARN_DIRECT_OBJC_ISA_USAGE = YES_ERROR;
				CLANG_WARN_DOCUMENTATION_COMMENTS = YES;
				CLANG_WARN_EMPTY_BODY = YES;
				CLANG_WARN_ENUM_CONVERSION = YES;
				CLANG_WARN_INFINITE_RECURSION = YES;
				CLANG_WARN_INT_CONVERSION = YES;
				CLANG_WARN_NON_LITERAL_NULL_CONVERSION = YES;
				CLANG_WARN_OBJC_IMPLICIT_RETAIN_SELF = YES;
				CLANG_WARN_OBJC_LITERAL_CONVERSION = YES;
				CLANG_WARN_OBJC_ROOT_CLASS = YES_ERROR;
				CLANG_WARN_RANGE_LOOP_ANALYSIS = YES;
				CLANG_WARN_STRICT_PROTOTYPES = YES;
				CLANG_WARN_SUSPICIOUS_MOVE = YES;
				CLANG_WARN_UNGUARDED_AVAILABILITY = YES_AGGRESSIVE;
				CLANG_WARN_UNREACHABLE_CODE = YES;
				CLANG_WARN__DUPLICATE_METHOD_MATCH = YES;
				CODE_SIGN_IDENTITY = "iPhone Developer";
				COPY_PHASE_STRIP = NO;
				DEBUG_INFORMATION_FORMAT = dwarf;
				ENABLE_STRICT_OBJC_MSGSEND = YES;
				ENABLE_TESTABILITY = YES;
				GCC_C_LANGUAGE_STANDARD = gnu11;
				GCC_DYNAMIC_NO_PIC = NO;
				GCC_NO_COMMON_BLOCKS = YES;
				GCC_OPTIMIZATION_LEVEL = 0;
				GCC_PREPROCESSOR_DEFINITIONS = (
					"DEBUG=1",
					"$(inherited)",
				);
				GCC_WARN_64_TO_32_BIT_CONVERSION = YES;
				GCC_WARN_ABOUT_RETURN_TYPE = YES_ERROR;
				GCC_WARN_UNDECLARED_SELECTOR = YES;
				GCC_WARN_UNINITIALIZED_AUTOS = YES_AGGRESSIVE;
				GCC_WARN_UNUSED_FUNCTION = YES;
				GCC_WARN_UNUSED_VARIABLE = YES;
				IPHONEOS_DEPLOYMENT_TARGET = 12.2;
				MTL_ENABLE_DEBUG_INFO = INCLUDE_SOURCE;
				MTL_FAST_MATH = YES;
				ONLY_ACTIVE_ARCH = YES;
				SDKROOT = iphoneos;
				SWIFT_ACTIVE_COMPILATION_CONDITIONS = DEBUG;
				SWIFT_OPTIMIZATION_LEVEL = "-Onone";
			};
			name = Debug;
		};
		BBACD57022528FA400FE8EBA /* Release */ = {
			isa = XCBuildConfiguration;
			buildSettings = {
				ALWAYS_SEARCH_USER_PATHS = NO;
				CLANG_ANALYZER_NONNULL = YES;
				CLANG_ANALYZER_NUMBER_OBJECT_CONVERSION = YES_AGGRESSIVE;
				CLANG_CXX_LANGUAGE_STANDARD = "gnu++14";
				CLANG_CXX_LIBRARY = "libc++";
				CLANG_ENABLE_MODULES = YES;
				CLANG_ENABLE_OBJC_ARC = YES;
				CLANG_ENABLE_OBJC_WEAK = YES;
				CLANG_WARN_BLOCK_CAPTURE_AUTORELEASING = YES;
				CLANG_WARN_BOOL_CONVERSION = YES;
				CLANG_WARN_COMMA = YES;
				CLANG_WARN_CONSTANT_CONVERSION = YES;
				CLANG_WARN_DEPRECATED_OBJC_IMPLEMENTATIONS = YES;
				CLANG_WARN_DIRECT_OBJC_ISA_USAGE = YES_ERROR;
				CLANG_WARN_DOCUMENTATION_COMMENTS = YES;
				CLANG_WARN_EMPTY_BODY = YES;
				CLANG_WARN_ENUM_CONVERSION = YES;
				CLANG_WARN_INFINITE_RECURSION = YES;
				CLANG_WARN_INT_CONVERSION = YES;
				CLANG_WARN_NON_LITERAL_NULL_CONVERSION = YES;
				CLANG_WARN_OBJC_IMPLICIT_RETAIN_SELF = YES;
				CLANG_WARN_OBJC_LITERAL_CONVERSION = YES;
				CLANG_WARN_OBJC_ROOT_CLASS = YES_ERROR;
				CLANG_WARN_RANGE_LOOP_ANALYSIS = YES;
				CLANG_WARN_STRICT_PROTOTYPES = YES;
				CLANG_WARN_SUSPICIOUS_MOVE = YES;
				CLANG_WARN_UNGUARDED_AVAILABILITY = YES_AGGRESSIVE;
				CLANG_WARN_UNREACHABLE_CODE = YES;
				CLANG_WARN__DUPLICATE_METHOD_MATCH = YES;
				CODE_SIGN_IDENTITY = "iPhone Developer";
				COPY_PHASE_STRIP = NO;
				DEBUG_INFORMATION_FORMAT = "dwarf-with-dsym";
				ENABLE_NS_ASSERTIONS = NO;
				ENABLE_STRICT_OBJC_MSGSEND = YES;
				GCC_C_LANGUAGE_STANDARD = gnu11;
				GCC_NO_COMMON_BLOCKS = YES;
				GCC_WARN_64_TO_32_BIT_CONVERSION = YES;
				GCC_WARN_ABOUT_RETURN_TYPE = YES_ERROR;
				GCC_WARN_UNDECLARED_SELECTOR = YES;
				GCC_WARN_UNINITIALIZED_AUTOS = YES_AGGRESSIVE;
				GCC_WARN_UNUSED_FUNCTION = YES;
				GCC_WARN_UNUSED_VARIABLE = YES;
				IPHONEOS_DEPLOYMENT_TARGET = 12.2;
				MTL_ENABLE_DEBUG_INFO = NO;
				MTL_FAST_MATH = YES;
				SDKROOT = iphoneos;
				SWIFT_COMPILATION_MODE = wholemodule;
				SWIFT_OPTIMIZATION_LEVEL = "-O";
				VALIDATE_PRODUCT = YES;
			};
			name = Release;
		};
		BBACD57222528FA400FE8EBA /* Debug */ = {
			isa = XCBuildConfiguration;
			baseConfigurationReference = 431B32E09199F71C35D9D246 /* Pods-LifeSaver.debug.xcconfig */;
			buildSettings = {
				ASSETCATALOG_COMPILER_APPICON_NAME = AppIcon;
				CODE_SIGN_STYLE = Automatic;
				DEVELOPMENT_TEAM = 75F26495F5;
				INFOPLIST_FILE = LifeSaver/Info.plist;
				IPHONEOS_DEPLOYMENT_TARGET = 12.0;
				LD_RUNPATH_SEARCH_PATHS = (
					"$(inherited)",
					"@executable_path/Frameworks",
				);
				PRODUCT_BUNDLE_IDENTIFIER = Spirit.LifeSaver;
				PRODUCT_NAME = "$(TARGET_NAME)";
				SWIFT_VERSION = 4.2;
				TARGETED_DEVICE_FAMILY = "1,2";
			};
			name = Debug;
		};
		BBACD57322528FA400FE8EBA /* Release */ = {
			isa = XCBuildConfiguration;
			baseConfigurationReference = 6314A57B514F7B2408816A6C /* Pods-LifeSaver.release.xcconfig */;
			buildSettings = {
				ASSETCATALOG_COMPILER_APPICON_NAME = AppIcon;
				CODE_SIGN_STYLE = Automatic;
				DEVELOPMENT_TEAM = 75F26495F5;
				INFOPLIST_FILE = LifeSaver/Info.plist;
				IPHONEOS_DEPLOYMENT_TARGET = 12.0;
				LD_RUNPATH_SEARCH_PATHS = (
					"$(inherited)",
					"@executable_path/Frameworks",
				);
				PRODUCT_BUNDLE_IDENTIFIER = Spirit.LifeSaver;
				PRODUCT_NAME = "$(TARGET_NAME)";
				SWIFT_VERSION = 4.2;
				TARGETED_DEVICE_FAMILY = "1,2";
			};
			name = Release;
		};
		BBACD57522528FA400FE8EBA /* Debug */ = {
			isa = XCBuildConfiguration;
			baseConfigurationReference = 119F54018CA4DD5BB4B9A754 /* Pods-LifeSaverTests.debug.xcconfig */;
			buildSettings = {
				ALWAYS_EMBED_SWIFT_STANDARD_LIBRARIES = YES;
				BUNDLE_LOADER = "$(TEST_HOST)";
				CODE_SIGN_STYLE = Automatic;
				DEVELOPMENT_TEAM = 75F26495F5;
				INFOPLIST_FILE = LifeSaverTests/Info.plist;
				LD_RUNPATH_SEARCH_PATHS = (
					"$(inherited)",
					"@executable_path/Frameworks",
					"@loader_path/Frameworks",
				);
				PRODUCT_BUNDLE_IDENTIFIER = Spirit.LifeSaverTests;
				PRODUCT_NAME = "$(TARGET_NAME)";
				SWIFT_VERSION = 5.0;
				TARGETED_DEVICE_FAMILY = "1,2";
				TEST_HOST = "$(BUILT_PRODUCTS_DIR)/LifeSaver.app/LifeSaver";
			};
			name = Debug;
		};
		BBACD57622528FA400FE8EBA /* Release */ = {
			isa = XCBuildConfiguration;
			baseConfigurationReference = A5900BEA5D4E795542D17710 /* Pods-LifeSaverTests.release.xcconfig */;
			buildSettings = {
				ALWAYS_EMBED_SWIFT_STANDARD_LIBRARIES = YES;
				BUNDLE_LOADER = "$(TEST_HOST)";
				CODE_SIGN_STYLE = Automatic;
				DEVELOPMENT_TEAM = 75F26495F5;
				INFOPLIST_FILE = LifeSaverTests/Info.plist;
				LD_RUNPATH_SEARCH_PATHS = (
					"$(inherited)",
					"@executable_path/Frameworks",
					"@loader_path/Frameworks",
				);
				PRODUCT_BUNDLE_IDENTIFIER = Spirit.LifeSaverTests;
				PRODUCT_NAME = "$(TARGET_NAME)";
				SWIFT_VERSION = 5.0;
				TARGETED_DEVICE_FAMILY = "1,2";
				TEST_HOST = "$(BUILT_PRODUCTS_DIR)/LifeSaver.app/LifeSaver";
			};
			name = Release;
		};
		BBACD57822528FA400FE8EBA /* Debug */ = {
			isa = XCBuildConfiguration;
			baseConfigurationReference = 6AF5F5FF7416D017170A43BE /* Pods-LifeSaverUITests.debug.xcconfig */;
			buildSettings = {
				ALWAYS_EMBED_SWIFT_STANDARD_LIBRARIES = YES;
				CODE_SIGN_STYLE = Automatic;
				DEVELOPMENT_TEAM = 75F26495F5;
				INFOPLIST_FILE = LifeSaverUITests/Info.plist;
				LD_RUNPATH_SEARCH_PATHS = (
					"$(inherited)",
					"@executable_path/Frameworks",
					"@loader_path/Frameworks",
				);
				PRODUCT_BUNDLE_IDENTIFIER = Spirit.LifeSaverUITests;
				PRODUCT_NAME = "$(TARGET_NAME)";
				SWIFT_VERSION = 5.0;
				TARGETED_DEVICE_FAMILY = "1,2";
				TEST_TARGET_NAME = LifeSaver;
			};
			name = Debug;
		};
		BBACD57922528FA400FE8EBA /* Release */ = {
			isa = XCBuildConfiguration;
			baseConfigurationReference = E03AEA210F444A627FEE7803 /* Pods-LifeSaverUITests.release.xcconfig */;
			buildSettings = {
				ALWAYS_EMBED_SWIFT_STANDARD_LIBRARIES = YES;
				CODE_SIGN_STYLE = Automatic;
				DEVELOPMENT_TEAM = 75F26495F5;
				INFOPLIST_FILE = LifeSaverUITests/Info.plist;
				LD_RUNPATH_SEARCH_PATHS = (
					"$(inherited)",
					"@executable_path/Frameworks",
					"@loader_path/Frameworks",
				);
				PRODUCT_BUNDLE_IDENTIFIER = Spirit.LifeSaverUITests;
				PRODUCT_NAME = "$(TARGET_NAME)";
				SWIFT_VERSION = 5.0;
				TARGETED_DEVICE_FAMILY = "1,2";
				TEST_TARGET_NAME = LifeSaver;
			};
			name = Release;
		};
/* End XCBuildConfiguration section */

/* Begin XCConfigurationList section */
		BBACD54422528FA000FE8EBA /* Build configuration list for PBXProject "LifeSaver" */ = {
			isa = XCConfigurationList;
			buildConfigurations = (
				BBACD56F22528FA400FE8EBA /* Debug */,
				BBACD57022528FA400FE8EBA /* Release */,
			);
			defaultConfigurationIsVisible = 0;
			defaultConfigurationName = Release;
		};
		BBACD57122528FA400FE8EBA /* Build configuration list for PBXNativeTarget "LifeSaver" */ = {
			isa = XCConfigurationList;
			buildConfigurations = (
				BBACD57222528FA400FE8EBA /* Debug */,
				BBACD57322528FA400FE8EBA /* Release */,
			);
			defaultConfigurationIsVisible = 0;
			defaultConfigurationName = Release;
		};
		BBACD57422528FA400FE8EBA /* Build configuration list for PBXNativeTarget "LifeSaverTests" */ = {
			isa = XCConfigurationList;
			buildConfigurations = (
				BBACD57522528FA400FE8EBA /* Debug */,
				BBACD57622528FA400FE8EBA /* Release */,
			);
			defaultConfigurationIsVisible = 0;
			defaultConfigurationName = Release;
		};
		BBACD57722528FA400FE8EBA /* Build configuration list for PBXNativeTarget "LifeSaverUITests" */ = {
			isa = XCConfigurationList;
			buildConfigurations = (
				BBACD57822528FA400FE8EBA /* Debug */,
				BBACD57922528FA400FE8EBA /* Release */,
			);
			defaultConfigurationIsVisible = 0;
			defaultConfigurationName = Release;
		};
/* End XCConfigurationList section */
	};
	rootObject = BBACD54122528FA000FE8EBA /* Project object */;
}
